// !$*UTF8*$!
{
	archiveVersion = 1;
	classes = {
	};
	objectVersion = 48;
	objects = {

/* Begin PBXBuildFile section */
		2B336C72203A2E2700EF1092 /* AppDelegate.swift in Sources */ = {isa = PBXBuildFile; fileRef = 2B336C71203A2E2700EF1092 /* AppDelegate.swift */; };
		2B336C74203A2E2700EF1092 /* ViewController.swift in Sources */ = {isa = PBXBuildFile; fileRef = 2B336C73203A2E2700EF1092 /* ViewController.swift */; };
		2B336C77203A2E2700EF1092 /* Main.storyboard in Resources */ = {isa = PBXBuildFile; fileRef = 2B336C75203A2E2700EF1092 /* Main.storyboard */; };
		2B336C79203A2E2700EF1092 /* Assets.xcassets in Resources */ = {isa = PBXBuildFile; fileRef = 2B336C78203A2E2700EF1092 /* Assets.xcassets */; };
		2B336C7C203A2E2700EF1092 /* LaunchScreen.storyboard in Resources */ = {isa = PBXBuildFile; fileRef = 2B336C7A203A2E2700EF1092 /* LaunchScreen.storyboard */; };
		2BEBE01720539C01001A7B11 /* TimeShiftCell.swift in Sources */ = {isa = PBXBuildFile; fileRef = 2BEBE01520539C01001A7B11 /* TimeShiftCell.swift */; };
		2BEBE01820539C01001A7B11 /* TimeShiftCell.xib in Resources */ = {isa = PBXBuildFile; fileRef = 2BEBE01620539C01001A7B11 /* TimeShiftCell.xib */; };
/* End PBXBuildFile section */

/* Begin PBXFileReference section */
		2B336C6E203A2E2600EF1092 /* Time Calculator.app */ = {isa = PBXFileReference; explicitFileType = wrapper.application; includeInIndex = 0; path = "Time Calculator.app"; sourceTree = BUILT_PRODUCTS_DIR; };
		2B336C71203A2E2700EF1092 /* AppDelegate.swift */ = {isa = PBXFileReference; lastKnownFileType = sourcecode.swift; path = AppDelegate.swift; sourceTree = "<group>"; };
		2B336C73203A2E2700EF1092 /* ViewController.swift */ = {isa = PBXFileReference; lastKnownFileType = sourcecode.swift; path = ViewController.swift; sourceTree = "<group>"; };
		2B336C76203A2E2700EF1092 /* Base */ = {isa = PBXFileReference; lastKnownFileType = file.storyboard; name = Base; path = Base.lproj/Main.storyboard; sourceTree = "<group>"; };
		2B336C78203A2E2700EF1092 /* Assets.xcassets */ = {isa = PBXFileReference; lastKnownFileType = folder.assetcatalog; path = Assets.xcassets; sourceTree = "<group>"; };
		2B336C7B203A2E2700EF1092 /* Base */ = {isa = PBXFileReference; lastKnownFileType = file.storyboard; name = Base; path = Base.lproj/LaunchScreen.storyboard; sourceTree = "<group>"; };
		2B336C7D203A2E2700EF1092 /* Info.plist */ = {isa = PBXFileReference; lastKnownFileType = text.plist.xml; path = Info.plist; sourceTree = "<group>"; };
		2BEBE01520539C01001A7B11 /* TimeShiftCell.swift */ = {isa = PBXFileReference; lastKnownFileType = sourcecode.swift; path = TimeShiftCell.swift; sourceTree = "<group>"; };
		2BEBE01620539C01001A7B11 /* TimeShiftCell.xib */ = {isa = PBXFileReference; lastKnownFileType = file.xib; path = TimeShiftCell.xib; sourceTree = "<group>"; };
/* End PBXFileReference section */

/* Begin PBXFrameworksBuildPhase section */
		2B336C6B203A2E2600EF1092 /* Frameworks */ = {
			isa = PBXFrameworksBuildPhase;
			buildActionMask = 2147483647;
			files = (
			);
			runOnlyForDeploymentPostprocessing = 0;
		};
/* End PBXFrameworksBuildPhase section */

/* Begin PBXGroup section */
		2B336C65203A2E2600EF1092 = {
			isa = PBXGroup;
			children = (
				2B336C70203A2E2600EF1092 /* Time Calculator */,
				2B336C6F203A2E2600EF1092 /* Products */,
			);
			sourceTree = "<group>";
		};
		2B336C6F203A2E2600EF1092 /* Products */ = {
			isa = PBXGroup;
			children = (
				2B336C6E203A2E2600EF1092 /* Time Calculator.app */,
			);
			name = Products;
			sourceTree = "<group>";
		};
		2B336C70203A2E2600EF1092 /* Time Calculator */ = {
			isa = PBXGroup;
			children = (
				2BEBE01420539B4A001A7B11 /* Products */,
				2BEBE01320539B0D001A7B11 /* Controller */,
				2BEBE01220539AF9001A7B11 /* View */,
				2B336C71203A2E2700EF1092 /* AppDelegate.swift */,
				2B336C78203A2E2700EF1092 /* Assets.xcassets */,
				2B336C7D203A2E2700EF1092 /* Info.plist */,
			);
			path = "Time Calculator";
			sourceTree = "<group>";
		};
		2BEBE01220539AF9001A7B11 /* View */ = {
			isa = PBXGroup;
			children = (
				2BEBE01920539C07001A7B11 /* Custom Cells */,
				2B336C7A203A2E2700EF1092 /* LaunchScreen.storyboard */,
				2B336C75203A2E2700EF1092 /* Main.storyboard */,
			);
			path = View;
			sourceTree = "<group>";
		};
		2BEBE01320539B0D001A7B11 /* Controller */ = {
			isa = PBXGroup;
			children = (
				2B336C73203A2E2700EF1092 /* ViewController.swift */,
			);
			path = Controller;
			sourceTree = "<group>";
		};
		2BEBE01420539B4A001A7B11 /* Products */ = {
			isa = PBXGroup;
			children = (
			);
			path = Products;
			sourceTree = "<group>";
		};
		2BEBE01920539C07001A7B11 /* Custom Cells */ = {
			isa = PBXGroup;
			children = (
				2BEBE01520539C01001A7B11 /* TimeShiftCell.swift */,
				2BEBE01620539C01001A7B11 /* TimeShiftCell.xib */,
			);
			path = "Custom Cells";
			sourceTree = "<group>";
		};
/* End PBXGroup section */

/* Begin PBXNativeTarget section */
		2B336C6D203A2E2600EF1092 /* Time Calculator */ = {
			isa = PBXNativeTarget;
			buildConfigurationList = 2B336C80203A2E2700EF1092 /* Build configuration list for PBXNativeTarget "Time Calculator" */;
			buildPhases = (
				2B336C6A203A2E2600EF1092 /* Sources */,
				2B336C6B203A2E2600EF1092 /* Frameworks */,
				2B336C6C203A2E2600EF1092 /* Resources */,
			);
			buildRules = (
			);
			dependencies = (
			);
			name = "Time Calculator";
			productName = "Time Calculator";
			productReference = 2B336C6E203A2E2600EF1092 /* Time Calculator.app */;
			productType = "com.apple.product-type.application";
		};
/* End PBXNativeTarget section */

/* Begin PBXProject section */
		2B336C66203A2E2600EF1092 /* Project object */ = {
			isa = PBXProject;
			attributes = {
				LastSwiftUpdateCheck = 0920;
				LastUpgradeCheck = 0920;
				ORGANIZATIONNAME = "Ethan Brown";
				TargetAttributes = {
					2B336C6D203A2E2600EF1092 = {
						CreatedOnToolsVersion = 9.2;
						ProvisioningStyle = Automatic;
					};
				};
			};
			buildConfigurationList = 2B336C69203A2E2600EF1092 /* Build configuration list for PBXProject "Time Calculator" */;
			compatibilityVersion = "Xcode 8.0";
			developmentRegion = en;
			hasScannedForEncodings = 0;
			knownRegions = (
				en,
				Base,
			);
			mainGroup = 2B336C65203A2E2600EF1092;
			productRefGroup = 2B336C6F203A2E2600EF1092 /* Products */;
			projectDirPath = "";
			projectRoot = "";
			targets = (
				2B336C6D203A2E2600EF1092 /* Time Calculator */,
			);
		};
/* End PBXProject section */

/* Begin PBXResourcesBuildPhase section */
		2B336C6C203A2E2600EF1092 /* Resources */ = {
			isa = PBXResourcesBuildPhase;
			buildActionMask = 2147483647;
			files = (
				2B336C7C203A2E2700EF1092 /* LaunchScreen.storyboard in Resources */,
				2B336C79203A2E2700EF1092 /* Assets.xcassets in Resources */,
				2B336C77203A2E2700EF1092 /* Main.storyboard in Resources */,
				2BEBE01820539C01001A7B11 /* TimeShiftCell.xib in Resources */,
			);
			runOnlyForDeploymentPostprocessing = 0;
		};
/* End PBXResourcesBuildPhase section */

/* Begin PBXSourcesBuildPhase section */
		2B336C6A203A2E2600EF1092 /* Sources */ = {
			isa = PBXSourcesBuildPhase;
			buildActionMask = 2147483647;
			files = (
				2B336C74203A2E2700EF1092 /* ViewController.swift in Sources */,
				2BEBE01720539C01001A7B11 /* TimeShiftCell.swift in Sources */,
				2B336C72203A2E2700EF1092 /* AppDelegate.swift in Sources */,
			);
			runOnlyForDeploymentPostprocessing = 0;
		};
/* End PBXSourcesBuildPhase section */

/* Begin PBXVariantGroup section */
		2B336C75203A2E2700EF1092 /* Main.storyboard */ = {
			isa = PBXVariantGroup;
			children = (
				2B336C76203A2E2700EF1092 /* Base */,
			);
			name = Main.storyboard;
			sourceTree = "<group>";
		};
		2B336C7A203A2E2700EF1092 /* LaunchScreen.storyboard */ = {
			isa = PBXVariantGroup;
			children = (
				2B336C7B203A2E2700EF1092 /* Base */,
			);
			name = LaunchScreen.storyboard;
			sourceTree = "<group>";
		};
/* End PBXVariantGroup section */

/* Begin XCBuildConfiguration section */
		2B336C7E203A2E2700EF1092 /* Debug */ = {
			isa = XCBuildConfiguration;
			buildSettings = {
				ALWAYS_SEARCH_USER_PATHS = NO;
				CLANG_ANALYZER_NONNULL = YES;
				CLANG_ANALYZER_NUMBER_OBJECT_CONVERSION = YES_AGGRESSIVE;
				CLANG_CXX_LANGUAGE_STANDARD = "gnu++14";
				CLANG_CXX_LIBRARY = "libc++";
				CLANG_ENABLE_MODULES = YES;
				CLANG_ENABLE_OBJC_ARC = YES;
				CLANG_WARN_BLOCK_CAPTURE_AUTORELEASING = YES;
				CLANG_WARN_BOOL_CONVERSION = YES;
				CLANG_WARN_COMMA = YES;
				CLANG_WARN_CONSTANT_CONVERSION = YES;
				CLANG_WARN_DIRECT_OBJC_ISA_USAGE = YES_ERROR;
				CLANG_WARN_DOCUMENTATION_COMMENTS = YES;
				CLANG_WARN_EMPTY_BODY = YES;
				CLANG_WARN_ENUM_CONVERSION = YES;
				CLANG_WARN_INFINITE_RECURSION = YES;
				CLANG_WARN_INT_CONVERSION = YES;
				CLANG_WARN_NON_LITERAL_NULL_CONVERSION = YES;
				CLANG_WARN_OBJC_LITERAL_CONVERSION = YES;
				CLANG_WARN_OBJC_ROOT_CLASS = YES_ERROR;
				CLANG_WARN_RANGE_LOOP_ANALYSIS = YES;
				CLANG_WARN_STRICT_PROTOTYPES = YES;
				CLANG_WARN_SUSPICIOUS_MOVE = YES;
				CLANG_WARN_UNGUARDED_AVAILABILITY = YES_AGGRESSIVE;
				CLANG_WARN_UNREACHABLE_CODE = YES;
				CLANG_WARN__DUPLICATE_METHOD_MATCH = YES;
				CODE_SIGN_IDENTITY = "iPhone Developer";
				COPY_PHASE_STRIP = NO;
				DEBUG_INFORMATION_FORMAT = dwarf;
				ENABLE_STRICT_OBJC_MSGSEND = YES;
				ENABLE_TESTABILITY = YES;
				GCC_C_LANGUAGE_STANDARD = gnu11;
				GCC_DYNAMIC_NO_PIC = NO;
				GCC_NO_COMMON_BLOCKS = YES;
				GCC_OPTIMIZATION_LEVEL = 0;
				GCC_PREPROCESSOR_DEFINITIONS = (
					"DEBUG=1",
					"$(inherited)",
				);
				GCC_WARN_64_TO_32_BIT_CONVERSION = YES;
				GCC_WARN_ABOUT_RETURN_TYPE = YES_ERROR;
				GCC_WARN_UNDECLARED_SELECTOR = YES;
				GCC_WARN_UNINITIALIZED_AUTOS = YES_AGGRESSIVE;
				GCC_WARN_UNUSED_FUNCTION = YES;
				GCC_WARN_UNUSED_VARIABLE = YES;
				IPHONEOS_DEPLOYMENT_TARGET = 11.2;
				MTL_ENABLE_DEBUG_INFO = YES;
				ONLY_ACTIVE_ARCH = YES;
				SDKROOT = iphoneos;
				SWIFT_ACTIVE_COMPILATION_CONDITIONS = DEBUG;
				SWIFT_OPTIMIZATION_LEVEL = "-Onone";
			};
			name = Debug;
		};
		2B336C7F203A2E2700EF1092 /* Release */ = {
			isa = XCBuildConfiguration;
			buildSettings = {
				ALWAYS_SEARCH_USER_PATHS = NO;
				CLANG_ANALYZER_NONNULL = YES;
				CLANG_ANALYZER_NUMBER_OBJECT_CONVERSION = YES_AGGRESSIVE;
				CLANG_CXX_LANGUAGE_STANDARD = "gnu++14";
				CLANG_CXX_LIBRARY = "libc++";
				CLANG_ENABLE_MODULES = YES;
				CLANG_ENABLE_OBJC_ARC = YES;
				CLANG_WARN_BLOCK_CAPTURE_AUTORELEASING = YES;
				CLANG_WARN_BOOL_CONVERSION = YES;
				CLANG_WARN_COMMA = YES;
				CLANG_WARN_CONSTANT_CONVERSION = YES;
				CLANG_WARN_DIRECT_OBJC_ISA_USAGE = YES_ERROR;
				CLANG_WARN_DOCUMENTATION_COMMENTS = YES;
				CLANG_WARN_EMPTY_BODY = YES;
				CLANG_WARN_ENUM_CONVERSION = YES;
				CLANG_WARN_INFINITE_RECURSION = YES;
				CLANG_WARN_INT_CONVERSION = YES;
				CLANG_WARN_NON_LITERAL_NULL_CONVERSION = YES;
				CLANG_WARN_OBJC_LITERAL_CONVERSION = YES;
				CLANG_WARN_OBJC_ROOT_CLASS = YES_ERROR;
				CLANG_WARN_RANGE_LOOP_ANALYSIS = YES;
				CLANG_WARN_STRICT_PROTOTYPES = YES;
				CLANG_WARN_SUSPICIOUS_MOVE = YES;
				CLANG_WARN_UNGUARDED_AVAILABILITY = YES_AGGRESSIVE;
				CLANG_WARN_UNREACHABLE_CODE = YES;
				CLANG_WARN__DUPLICATE_METHOD_MATCH = YES;
				CODE_SIGN_IDENTITY = "iPhone Developer";
				COPY_PHASE_STRIP = NO;
				DEBUG_INFORMATION_FORMAT = "dwarf-with-dsym";
				ENABLE_NS_ASSERTIONS = NO;
				ENABLE_STRICT_OBJC_MSGSEND = YES;
				GCC_C_LANGUAGE_STANDARD = gnu11;
				GCC_NO_COMMON_BLOCKS = YES;
				GCC_WARN_64_TO_32_BIT_CONVERSION = YES;
				GCC_WARN_ABOUT_RETURN_TYPE = YES_ERROR;
				GCC_WARN_UNDECLARED_SELECTOR = YES;
				GCC_WARN_UNINITIALIZED_AUTOS = YES_AGGRESSIVE;
				GCC_WARN_UNUSED_FUNCTION = YES;
				GCC_WARN_UNUSED_VARIABLE = YES;
				IPHONEOS_DEPLOYMENT_TARGET = 11.2;
				MTL_ENABLE_DEBUG_INFO = NO;
				SDKROOT = iphoneos;
				SWIFT_OPTIMIZATION_LEVEL = "-Owholemodule";
				VALIDATE_PRODUCT = YES;
			};
			name = Release;
		};
		2B336C81203A2E2700EF1092 /* Debug */ = {
			isa = XCBuildConfiguration;
			buildSettings = {
				ASSETCATALOG_COMPILER_APPICON_NAME = AppIcon;
				CODE_SIGN_STYLE = Automatic;
				DEVELOPMENT_TEAM = T93G53QR27;
				INFOPLIST_FILE = "Time Calculator/Info.plist";
				LD_RUNPATH_SEARCH_PATHS = "$(inherited) @executable_path/Frameworks";
				PRODUCT_BUNDLE_IDENTIFIER = "com.ebrown.Time-Calculator";
				PRODUCT_NAME = "$(TARGET_NAME)";
				SWIFT_VERSION = 4.0;
				TARGETED_DEVICE_FAMILY = "1,2";
			};
			name = Debug;
		};
		2B336C82203A2E2700EF1092 /* Release */ = {
			isa = XCBuildConfiguration;
			buildSettings = {
				ASSETCATALOG_COMPILER_APPICON_NAME = AppIcon;
				CODE_SIGN_STYLE = Automatic;
				DEVELOPMENT_TEAM = T93G53QR27;
				INFOPLIST_FILE = "Time Calculator/Info.plist";
				LD_RUNPATH_SEARCH_PATHS = "$(inherited) @executable_path/Frameworks";
				PRODUCT_BUNDLE_IDENTIFIER = "com.ebrown.Time-Calculator";
				PRODUCT_NAME = "$(TARGET_NAME)";
				SWIFT_VERSION = 4.0;
				TARGETED_DEVICE_FAMILY = "1,2";
			};
			name = Release;
		};
/* End XCBuildConfiguration section */

/* Begin XCConfigurationList section */
		2B336C69203A2E2600EF1092 /* Build configuration list for PBXProject "Time Calculator" */ = {
			isa = XCConfigurationList;
			buildConfigurations = (
				2B336C7E203A2E2700EF1092 /* Debug */,
				2B336C7F203A2E2700EF1092 /* Release */,
			);
			defaultConfigurationIsVisible = 0;
			defaultConfigurationName = Release;
		};
		2B336C80203A2E2700EF1092 /* Build configuration list for PBXNativeTarget "Time Calculator" */ = {
			isa = XCConfigurationList;
			buildConfigurations = (
				2B336C81203A2E2700EF1092 /* Debug */,
				2B336C82203A2E2700EF1092 /* Release */,
			);
			defaultConfigurationIsVisible = 0;
			defaultConfigurationName = Release;
		};
/* End XCConfigurationList section */
	};
	rootObject = 2B336C66203A2E2600EF1092 /* Project object */;
}
